
Microsoft Visual Studio Solution File, Format Version 12.00
# Visual Studio 15
Project("{FAE04EC0-301F-11D3-BF4B-00C04F79EFBC}") = "Assembly-CSharp", "Assembly-CSharp.csproj", "{CB2036E3-74B1-87D5-FB00-FFE8A839DF4A}"
EndProject
Project("{FAE04EC0-301F-11D3-BF4B-00C04F79EFBC}") = "UnityGameFramework.Runtime", "UnityGameFramework.Runtime.csproj", "{1BB8F949-931D-8F7A-6470-61EB5BA95862}"
EndProject
Project("{FAE04EC0-301F-11D3-BF4B-00C04F79EFBC}") = "UnityGameFramework.Editor", "UnityGameFramework.Editor.csproj", "{41262C3D-7D6D-F5CB-F384-662FE9040E54}"
EndProject
Project("{FAE04EC0-301F-11D3-BF4B-00C04F79EFBC}") = "Assembly-CSharp-Editor", "Assembly-CSharp-Editor.csproj", "{B89189E0-790D-A5B5-3F1A-05631AD6E548}"
EndProject
Global
	GlobalSection(SolutionConfigurationPlatforms) = preSolution
		Debug|Any CPU = Debug|Any CPU
		Release|Any CPU = Release|Any CPU
	EndGlobalSection
	GlobalSection(ProjectConfigurationPlatforms) = postSolution
		{CB2036E3-74B1-87D5-FB00-FFE8A839DF4A}.Debug|Any CPU.ActiveCfg = Debug|Any CPU
		{CB2036E3-74B1-87D5-FB00-FFE8A839DF4A}.Debug|Any CPU.Build.0 = Debug|Any CPU
		{CB2036E3-74B1-87D5-FB00-FFE8A839DF4A}.Release|Any CPU.ActiveCfg = Release|Any CPU
		{CB2036E3-74B1-87D5-FB00-FFE8A839DF4A}.Release|Any CPU.Build.0 = Release|Any CPU
		{1BB8F949-931D-8F7A-6470-61EB5BA95862}.Debug|Any CPU.ActiveCfg = Debug|Any CPU
		{1BB8F949-931D-8F7A-6470-61EB5BA95862}.Debug|Any CPU.Build.0 = Debug|Any CPU
		{1BB8F949-931D-8F7A-6470-61EB5BA95862}.Release|Any CPU.ActiveCfg = Release|Any CPU
		{1BB8F949-931D-8F7A-6470-61EB5BA95862}.Release|Any CPU.Build.0 = Release|Any CPU
		{41262C3D-7D6D-F5CB-F384-662FE9040E54}.Debug|Any CPU.ActiveCfg = Debug|Any CPU
		{41262C3D-7D6D-F5CB-F384-662FE9040E54}.Debug|Any CPU.Build.0 = Debug|Any CPU
		{41262C3D-7D6D-F5CB-F384-662FE9040E54}.Release|Any CPU.ActiveCfg = Release|Any CPU
		{41262C3D-7D6D-F5CB-F384-662FE9040E54}.Release|Any CPU.Build.0 = Release|Any CPU
		{B89189E0-790D-A5B5-3F1A-05631AD6E548}.Debug|Any CPU.ActiveCfg = Debug|Any CPU
		{B89189E0-790D-A5B5-3F1A-05631AD6E548}.Debug|Any CPU.Build.0 = Debug|Any CPU
		{B89189E0-790D-A5B5-3F1A-05631AD6E548}.Release|Any CPU.ActiveCfg = Release|Any CPU
		{B89189E0-790D-A5B5-3F1A-05631AD6E548}.Release|Any CPU.Build.0 = Release|Any CPU
	EndGlobalSection
	GlobalSection(SolutionProperties) = preSolution
		HideSolutionNode = FALSE
	EndGlobalSection
EndGlobal
