
Microsoft Visual Studio Solution File, Format Version 11.00
# Visual Studio 2010
Project("{FAE04EC0-301F-11D3-BF4B-00C04F79EFBC}") = "UnityGameFramework.Runtime", "UnityGameFramework.Runtime.csproj", "{49f9b81b-1d93-7a8f-6470-61eb5ba95862}"
EndProject
Project("{FAE04EC0-301F-11D3-BF4B-00C04F79EFBC}") = "UnityGameFramework.Editor", "UnityGameFramework.Editor.csproj", "{3d2c2641-6d7d-cbf5-f384-662fe9040e54}"
EndProject
Project("{FAE04EC0-301F-11D3-BF4B-00C04F79EFBC}") = "Assembly-CSharp-Editor", "Assembly-CSharp-Editor.csproj", "{e08991b8-0d79-b5a5-3f1a-05631ad6e548}"
EndProject
Project("{FAE04EC0-301F-11D3-BF4B-00C04F79EFBC}") = "Assembly-CSharp", "Assembly-CSharp.csproj", "{e33620cb-b174-d587-fb00-ffe8a839df4a}"
EndProject
Global
	GlobalSection(SolutionConfigurationPlatforms) = preSolution
		Debug|Any CPU = Debug|Any CPU
	EndGlobalSection
	GlobalSection(ProjectConfigurationPlatforms) = postSolution
		{49f9b81b-1d93-7a8f-6470-61eb5ba95862}.Debug|Any CPU.ActiveCfg = Debug|Any CPU
		{49f9b81b-1d93-7a8f-6470-61eb5ba95862}.Debug|Any CPU.Build.0 = Debug|Any CPU
		{3d2c2641-6d7d-cbf5-f384-662fe9040e54}.Debug|Any CPU.ActiveCfg = Debug|Any CPU
		{3d2c2641-6d7d-cbf5-f384-662fe9040e54}.Debug|Any CPU.Build.0 = Debug|Any CPU
		{e08991b8-0d79-b5a5-3f1a-05631ad6e548}.Debug|Any CPU.ActiveCfg = Debug|Any CPU
		{e08991b8-0d79-b5a5-3f1a-05631ad6e548}.Debug|Any CPU.Build.0 = Debug|Any CPU
		{e33620cb-b174-d587-fb00-ffe8a839df4a}.Debug|Any CPU.ActiveCfg = Debug|Any CPU
		{e33620cb-b174-d587-fb00-ffe8a839df4a}.Debug|Any CPU.Build.0 = Debug|Any CPU
	EndGlobalSection
	GlobalSection(SolutionProperties) = preSolution
		HideSolutionNode = FALSE
	EndGlobalSection
EndGlobal
